
Microsoft Visual Studio Solution File, Format Version 12.00
# Visual Studio 15
VisualStudioVersion = 15.0.26730.15
MinimumVisualStudioVersion = 10.0.40219.1
Project("{FAE04EC0-301F-11D3-BF4B-00C04F79EFBC}") = "ScoreboardVB15", "ScoreboardVB15\ScoreboardVB15.csproj", "{24A3A7C7-1BC0-41E3-B8F0-908CD5A4D391}"
EndProject
Project("{FAE04EC0-301F-11D3-BF4B-00C04F79EFBC}") = "ScoreboardVB15.Tests", "ScoreboardVB15.Tests\ScoreboardVB15.Tests.csproj", "{43162E0F-5965-4DD8-8FAE-1D0156FF51BD}"
EndProject
Global
	GlobalSection(SolutionConfigurationPlatforms) = preSolution
		Debug|Any CPU = Debug|Any CPU
		Release|Any CPU = Release|Any CPU
	EndGlobalSection
	GlobalSection(ProjectConfigurationPlatforms) = postSolution
		{24A3A7C7-1BC0-41E3-B8F0-908CD5A4D391}.Debug|Any CPU.ActiveCfg = Debug|Any CPU
		{24A3A7C7-1BC0-41E3-B8F0-908CD5A4D391}.Debug|Any CPU.Build.0 = Debug|Any CPU
		{24A3A7C7-1BC0-41E3-B8F0-908CD5A4D391}.Release|Any CPU.ActiveCfg = Release|Any CPU
		{24A3A7C7-1BC0-41E3-B8F0-908CD5A4D391}.Release|Any CPU.Build.0 = Release|Any CPU
		{43162E0F-5965-4DD8-8FAE-1D0156FF51BD}.Debug|Any CPU.ActiveCfg = Debug|Any CPU
		{43162E0F-5965-4DD8-8FAE-1D0156FF51BD}.Debug|Any CPU.Build.0 = Debug|Any CPU
		{43162E0F-5965-4DD8-8FAE-1D0156FF51BD}.Release|Any CPU.ActiveCfg = Release|Any CPU
		{43162E0F-5965-4DD8-8FAE-1D0156FF51BD}.Release|Any CPU.Build.0 = Release|Any CPU
	EndGlobalSection
	GlobalSection(SolutionProperties) = preSolution
		HideSolutionNode = FALSE
	EndGlobalSection
	GlobalSection(ExtensibilityGlobals) = postSolution
		SolutionGuid = {37F810D4-3DF3-4D6A-8E1A-B79535D9394F}
	EndGlobalSection
EndGlobal
